
Microsoft Visual Studio Solution File, Format Version 12.00
# Visual Studio Version 17
VisualStudioVersion = 17.5.001.0
MinimumVisualStudioVersion = 10.0.40219.1
Project("{9A19103F-16F7-4668-BE54-9A1E7A4F7556}") = "CSharpDotNetNewIn2223", "CSharpDotNetNewIn2223.csproj", "{53FF0086-4944-4D3A-8012-DBB23D129EAF}"
EndProject
Global
	GlobalSection(SolutionConfigurationPlatforms) = preSolution
		Debug|Any CPU = Debug|Any CPU
		Release|Any CPU = Release|Any CPU
	EndGlobalSection
	GlobalSection(ProjectConfigurationPlatforms) = postSolution
		{53FF0086-4944-4D3A-8012-DBB23D129EAF}.Debug|Any CPU.ActiveCfg = Debug|Any CPU
		{53FF0086-4944-4D3A-8012-DBB23D129EAF}.Debug|Any CPU.Build.0 = Debug|Any CPU
		{53FF0086-4944-4D3A-8012-DBB23D129EAF}.Release|Any CPU.ActiveCfg = Release|Any CPU
		{53FF0086-4944-4D3A-8012-DBB23D129EAF}.Release|Any CPU.Build.0 = Release|Any CPU
	EndGlobalSection
	GlobalSection(SolutionProperties) = preSolution
		HideSolutionNode = FALSE
	EndGlobalSection
	GlobalSection(ExtensibilityGlobals) = postSolution
		SolutionGuid = {BFDE6ABE-EF82-4074-9AA0-1033A2339BF3}
	EndGlobalSection
EndGlobal
